{
  "object": {
    "pins": [
      {
        "package": "Resultto",
        "repositoryURL": "https://github.com/christopherweems/Resultto.git",
        "state": {
          "branch": null,
          "revision": "c810a124d6dbfd678ad7df97c07cdd4dce8a1a21",
          "version": "0.1.0"
        }
      },
      {
        "package": "swift-algorithms",
        "repositoryURL": "https://github.com/apple/swift-algorithms.git",
        "state": {
          "branch": null,
          "revision": "bb3bafeca0e164ece3403a9de646b7d38c07dd49",
          "version": "0.0.2"
        }
      },
      {
        "package": "swift-numerics",
        "repositoryURL": "https://github.com/apple/swift-numerics",
        "state": {
          "branch": null,
          "revision": "6b24333510e9044cf4716a07bed65eeed6bc6393",
          "version": "0.0.8"
        }
      },
      {
        "package": "triple-q",
        "repositoryURL": "https://github.com/christopherweems/triple-q.git",
        "state": {
          "branch": null,
          "revision": "f58dac700310b3c240ba7ab69284444fef7b580a",
          "version": "0.0.1"
        }
      }
    ]
  },
  "version": 1
}
